github.com/cupyusuf/go-say-hello v1.0.0 h1:A+WPG4p0GJFJTbBhC4B1uXrxXN80lJXsBf2btX92O1c=
github.com/cupyusuf/go-say-hello v1.0.0/go.mod h1:5iWCoZ1lK5IbkaZyuivl1w9bc1AYtyTy8p31m4vpy44=
github.com/cupyusuf/go-say-hello v1.5.0 h1:YkaCRU8NuKFGATybHHrLZHF6JHliQF1BAdwKliMWVrg=
github.com/cupyusuf/go-say-hello v1.5.0/go.mod h1:5iWCoZ1lK5IbkaZyuivl1w9bc1AYtyTy8p31m4vpy44=
